{
  "name": "colon",
  "version": "1.0.0",
  "lockfileVersion": 1,
  "requires": true,
  "dependencies": {
    "dxf-writer": {
      "version": "1.7.1",
      "resolved": "https://registry.npmjs.org/dxf-writer/-/dxf-writer-1.7.1.tgz",
      "integrity": "sha512-rSS3o/lYR+xFb1h5aktYy/e4f0appdTwAfo0ABBG8c8Aep0DFmbh0dLKGcOcwbtnVz54s/3rg70DrZ4F0Iqqdg=="
    }
  }
}
